---
variables:
  STACK_AUTOMATION_REPO: https://gitlab.com/eiseron/stack/automation.git
  STACK_AUTOMATION_REF: v0.26.0
  STACK_AUTOMATION_SHA: 1339a50b250952e68028cfe6d8e3a35a4029b16c
  STACK_SPECIFIC_INSTALL_GEM: specific_install
  STACK_SPECIFIC_INSTALL_VERSION: 0.3.8
  STACK_SPECIFIC_INSTALL_SHA: 655219e24ee1334429fa0ac7bc2c2a00a35e5b78d0492a87efb2400a4192d030
  STACK_AWS_SDK_S3_GEM: aws-sdk-s3
  STACK_AWS_SDK_S3_VERSION: 1.226.0
  STACK_AWS_SDK_S3_SHA: e599f431e006ec9b92c61ee0f14d3f658a1f6c8a1d623d2160be927ac958e2bf
  STACK_PROVISIONING_REPO: https://gitlab.com/eiseron/stack/provisioning.git
  STACK_PROVISIONING_REF: v0.50.0
  STACK_PROVISIONING_SHA: b243f02694f34effae1b73a0e4145500a4154404
  STACK_IAC_IMAGE: registry.gitlab.com/eiseron/stack/public-image-bases/iac@sha256:0a9b8a478abd6fcee372301d055a399ca8b0b696864f7719fd0c9aeca0fb70be
  STACK_IAC_TAG: v0.1.29
  STACK_OPS_IMAGE: registry.gitlab.com/eiseron/stack/public-image-bases/ops@sha256:32e0552a6b258b85c800e675ba40a4db288073c5e7370d125072029f336841e5
  STACK_OPS_TAG: v0.1.29
  STACK_GEM_RUNTIME_IMAGE: registry.gitlab.com/eiseron/stack/public-image-bases/gem-runtime@sha256:41651dd9ebaf923ffa032f3fd9bc3e38f61da32752c779c1dbc98d9720f5b043
  STACK_GEM_RUNTIME_TAG: v0.1.29
  STACK_ELIXIR_BUILDER_IMAGE: registry.gitlab.com/eiseron/stack/public-image-bases/elixir-builder@sha256:e378fdbf896b2588187ee598b2c815c2a01afc1c9e1cced201c673edb6d69ce7
  STACK_ELIXIR_BUILDER_TAG: v0.1.29
  STACK_ALPINE_DEPLOY_IMAGE: registry.gitlab.com/eiseron/stack/public-image-bases/alpine-deploy@sha256:bf7fd7de48ab4ff720aebe4c9d0f4660a87147954f88a5db435841281aeeb8c2
  STACK_ALPINE_DEPLOY_TAG: v0.1.29
  STACK_PYTHON_ANSIBLE_IMAGE: registry.gitlab.com/eiseron/stack/public-image-bases/python-ansible@sha256:a1ea2a94b27f4ecd91bb3333bee6c552f8d2711973affd5072cf65899d750c90
  STACK_PYTHON_ANSIBLE_TAG: v0.1.29
  STACK_GO_TOOLS_IMAGE: registry.gitlab.com/eiseron/stack/public-image-bases/go-tools@sha256:be6c453708f40d060606e66704321de4b7a508470211cd94f170d35c65f7ad39
  STACK_GO_TOOLS_TAG: v0.1.29
  STACK_RUBY_IMAGE: docker.io/library/ruby@sha256:dc01e7d51e7ec9b9d1b27b80dab38d313b338fce50489e9b0f128b861712b7ef
  STACK_RUBY_TAG: 3.3-alpine
  STACK_ALPINE_IMAGE: docker.io/library/alpine@sha256:5b10f432ef3da1b8d4c7eb6c487f2f5a8f096bc91145e68878dd4a5019afde11
  STACK_ALPINE_TAG: '3.23'
  STACK_POSTGRES_IMAGE: docker.io/library/postgres@sha256:d3e64d36360a9f40c30fbbc5dd2dde799fe35f8537500c8b067551a6497f50f4
  STACK_POSTGRES_TAG: 18-alpine
  STACK_NODE_IMAGE: docker.io/library/node@sha256:e58326d0d441090181ac150dc2078d3e2cf6a0d42e809aebba3ef5880935ffdd
  STACK_NODE_TAG: 22-alpine
