---
variables:
  STACK_AUTOMATION_REPO: https://gitlab.com/eiseron/stack/automation.git
  STACK_AUTOMATION_REF: v0.20.0
  STACK_AUTOMATION_SHA: 3006b5bb47178aecc95e08c9c515ff76465f7ae8
  STACK_SPECIFIC_INSTALL_GEM: specific_install
  STACK_SPECIFIC_INSTALL_VERSION: 0.3.8
  STACK_SPECIFIC_INSTALL_SHA: 655219e24ee1334429fa0ac7bc2c2a00a35e5b78d0492a87efb2400a4192d030
  STACK_AWS_SDK_S3_GEM: aws-sdk-s3
  STACK_AWS_SDK_S3_VERSION: 1.226.0
  STACK_AWS_SDK_S3_SHA: e599f431e006ec9b92c61ee0f14d3f658a1f6c8a1d623d2160be927ac958e2bf
  STACK_PROVISIONING_REPO: https://gitlab.com/eiseron/stack/provisioning.git
  STACK_PROVISIONING_REF: v0.50.0
  STACK_PROVISIONING_SHA: b243f02694f34effae1b73a0e4145500a4154404
  STACK_IAC_IMAGE: registry.gitlab.com/eiseron/stack/public-image-bases/iac@sha256:1430aa6965efceb22dad6c420c57a450d7863aaedab6d8f555bd7358eb0024b5
  STACK_IAC_TAG: v0.1.25
  STACK_OPS_IMAGE: registry.gitlab.com/eiseron/stack/public-image-bases/ops@sha256:56c653e0f6367e57215c67a37f527fe70f16ba4c89973a878a21fc2f713c3bf1
  STACK_OPS_TAG: v0.1.25
  STACK_GEM_RUNTIME_IMAGE: registry.gitlab.com/eiseron/stack/public-image-bases/gem-runtime@sha256:6d643ffdd3f5cc3fd7932435b46387214d09fc43913adf8fdfc7f6d9567c13f9
  STACK_GEM_RUNTIME_TAG: v0.1.25
  STACK_ELIXIR_BUILDER_IMAGE: registry.gitlab.com/eiseron/stack/public-image-bases/elixir-builder@sha256:6fb0d7faf8f7c168dc0511b6744f9c704b51a2b0a4dbab523c57169a77d068dd
  STACK_ELIXIR_BUILDER_TAG: v0.1.25
  STACK_ALPINE_DEPLOY_IMAGE: registry.gitlab.com/eiseron/stack/public-image-bases/alpine-deploy@sha256:2f78b3b0b96da922ea7055ef9c5dd7bb403647805ce1b6133c8cf0be7b098340
  STACK_ALPINE_DEPLOY_TAG: v0.1.25
  STACK_PYTHON_ANSIBLE_IMAGE: registry.gitlab.com/eiseron/stack/public-image-bases/python-ansible@sha256:81292b2b9d50306f615c45b8bc855e52fbffdaaa3cb57ae9cf23945a7877c41e
  STACK_PYTHON_ANSIBLE_TAG: v0.1.25
  STACK_GO_TOOLS_IMAGE: registry.gitlab.com/eiseron/stack/public-image-bases/go-tools@sha256:42db071c9f9efdfa066a6a7945b3ad51f20cbf7401a0f0a51ba3376ab05340a0
  STACK_GO_TOOLS_TAG: v0.1.25
  STACK_RUBY_IMAGE: docker.io/library/ruby@sha256:dc01e7d51e7ec9b9d1b27b80dab38d313b338fce50489e9b0f128b861712b7ef
  STACK_RUBY_TAG: 3.3-alpine
  STACK_ALPINE_IMAGE: docker.io/library/alpine@sha256:5b10f432ef3da1b8d4c7eb6c487f2f5a8f096bc91145e68878dd4a5019afde11
  STACK_ALPINE_TAG: '3.23'
  STACK_POSTGRES_IMAGE: docker.io/library/postgres@sha256:d3e64d36360a9f40c30fbbc5dd2dde799fe35f8537500c8b067551a6497f50f4
  STACK_POSTGRES_TAG: 18-alpine
  STACK_NODE_IMAGE: docker.io/library/node@sha256:e58326d0d441090181ac150dc2078d3e2cf6a0d42e809aebba3ef5880935ffdd
  STACK_NODE_TAG: 22-alpine
